
Microsoft Visual Studio Solution File, Format Version 12.00
# Visual Studio Version 16
VisualStudioVersion = 16.0.29519.181
MinimumVisualStudioVersion = 10.0.40219.1
Project("{FAE04EC0-301F-11D3-BF4B-00C04F79EFBC}") = "TodoList", "TodoList\TodoList.csproj", "{99BC09F3-4519-4584-918F-C104BACCD366}"
EndProject
Global
	GlobalSection(SolutionConfigurationPlatforms) = preSolution
		Debug|Any CPU = Debug|Any CPU
		Release|Any CPU = Release|Any CPU
	EndGlobalSection
	GlobalSection(ProjectConfigurationPlatforms) = postSolution
		{99BC09F3-4519-4584-918F-C104BACCD366}.Debug|Any CPU.ActiveCfg = Debug|Any CPU
		{99BC09F3-4519-4584-918F-C104BACCD366}.Debug|Any CPU.Build.0 = Debug|Any CPU
		{99BC09F3-4519-4584-918F-C104BACCD366}.Release|Any CPU.ActiveCfg = Release|Any CPU
		{99BC09F3-4519-4584-918F-C104BACCD366}.Release|Any CPU.Build.0 = Release|Any CPU
	EndGlobalSection
	GlobalSection(SolutionProperties) = preSolution
		HideSolutionNode = FALSE
	EndGlobalSection
	GlobalSection(ExtensibilityGlobals) = postSolution
		SolutionGuid = {AF731E3B-86C1-4C95-8A85-47DDE6943348}
	EndGlobalSection
EndGlobal
